<?xml version="1.0" encoding="UTF-8" standalone="yes" ?>
<CodeBlocks_project_file>
	<FileVersion major="1" minor="6" />
	<Project>
		<Option title="tetris_grupo_BYTE" />
		<Option pch_mode="2" />
		<Option compiler="gcc" />
		<Build>
			<Target title="Debug">
				<Option output="bin/Debug/tetris_grupo_BYTE" prefix_auto="1" extension_auto="1" />
				<Option object_output="obj/Debug/" />
				<Option type="1" />
				<Option compiler="gcc" />
				<Compiler>
					<Add option="-g" />
				</Compiler>
				<Linker>
					<Add library="lib/GBT_v2026.1C.01/lib/libgbt.a" />
				</Linker>
			</Target>
			<Target title="Release">
				<Option output="bin/Release/tetris_grupo_BYTE" prefix_auto="1" extension_auto="1" />
				<Option object_output="obj/Release/" />
				<Option type="1" />
				<Option compiler="gcc" />
				<Compiler>
					<Add option="-O2" />
				</Compiler>
				<Linker>
					<Add option="-s" />
				</Linker>
			</Target>
		</Build>
		<Compiler>
			<Add option="-Wall" />
		</Compiler>
		<Unit filename="main.c">
			<Option compilerVar="CC" />
		</Unit>
		<Unit filename="paleta.c">
			<Option compilerVar="CC" />
		</Unit>
		<Unit filename="paleta.h" />
		<Unit filename="tBoton.c">
			<Option compilerVar="CC" />
		</Unit>
		<Unit filename="tBoton.h" />
		<Unit filename="tGrilla.c">
			<Option compilerVar="CC" />
		</Unit>
		<Unit filename="tGrilla.h" />
		<Unit filename="tJugador.c">
			<Option compilerVar="CC" />
		</Unit>
		<Unit filename="tJugador.h" />
		<Unit filename="tMino.c">
			<Option compilerVar="CC" />
		</Unit>
		<Unit filename="tMino.h" />
		<Unit filename="tPantalla.c">
			<Option compilerVar="CC" />
		</Unit>
		<Unit filename="tPantalla.h" />
		<Unit filename="texto.c">
			<Option compilerVar="CC" />
		</Unit>
		<Unit filename="texto.h" />
		<Unit filename="vectores_matrices.c">
			<Option compilerVar="CC" />
		</Unit>
		<Unit filename="vectores_matrices.h" />
		<Extensions />
	</Project>
</CodeBlocks_project_file>
